
Microsoft Visual Studio Solution File, Format Version 12.00
# Visual Studio 14
VisualStudioVersion = 14.0.25420.1
MinimumVisualStudioVersion = 10.0.40219.1
Project("{FAE04EC0-301F-11D3-BF4B-00C04F79EFBC}") = "ejemplo01", "ejemplo01\ejemplo01.csproj", "{3B813721-AD18-4E8C-A50C-22D21E299EE2}"
EndProject
Project("{FAE04EC0-301F-11D3-BF4B-00C04F79EFBC}") = "ejemplo02", "ejemplo02\ejemplo02.csproj", "{3B721E62-0AAF-4268-AC6D-FC4F69C93F02}"
EndProject
Global
	GlobalSection(SolutionConfigurationPlatforms) = preSolution
		Debug|Any CPU = Debug|Any CPU
		Release|Any CPU = Release|Any CPU
	EndGlobalSection
	GlobalSection(ProjectConfigurationPlatforms) = postSolution
		{3B813721-AD18-4E8C-A50C-22D21E299EE2}.Debug|Any CPU.ActiveCfg = Debug|Any CPU
		{3B813721-AD18-4E8C-A50C-22D21E299EE2}.Debug|Any CPU.Build.0 = Debug|Any CPU
		{3B813721-AD18-4E8C-A50C-22D21E299EE2}.Release|Any CPU.ActiveCfg = Release|Any CPU
		{3B813721-AD18-4E8C-A50C-22D21E299EE2}.Release|Any CPU.Build.0 = Release|Any CPU
		{3B721E62-0AAF-4268-AC6D-FC4F69C93F02}.Debug|Any CPU.ActiveCfg = Debug|Any CPU
		{3B721E62-0AAF-4268-AC6D-FC4F69C93F02}.Debug|Any CPU.Build.0 = Debug|Any CPU
		{3B721E62-0AAF-4268-AC6D-FC4F69C93F02}.Release|Any CPU.ActiveCfg = Release|Any CPU
		{3B721E62-0AAF-4268-AC6D-FC4F69C93F02}.Release|Any CPU.Build.0 = Release|Any CPU
	EndGlobalSection
	GlobalSection(SolutionProperties) = preSolution
		HideSolutionNode = FALSE
	EndGlobalSection
EndGlobal
